
Microsoft Visual Studio Solution File, Format Version 12.00
# Visual Studio Version 16
VisualStudioVersion = 16.0.30204.135
MinimumVisualStudioVersion = 10.0.40219.1
Project("{FAE04EC0-301F-11D3-BF4B-00C04F79EFBC}") = "DesignPattern", "DesignPattern\DesignPattern.csproj", "{6721F25A-88FE-4B30-84B1-43FB16F773C6}"
EndProject
Global
	GlobalSection(SolutionConfigurationPlatforms) = preSolution
		Debug|Any CPU = Debug|Any CPU
		Release|Any CPU = Release|Any CPU
	EndGlobalSection
	GlobalSection(ProjectConfigurationPlatforms) = postSolution
		{6721F25A-88FE-4B30-84B1-43FB16F773C6}.Debug|Any CPU.ActiveCfg = Debug|Any CPU
		{6721F25A-88FE-4B30-84B1-43FB16F773C6}.Debug|Any CPU.Build.0 = Debug|Any CPU
		{6721F25A-88FE-4B30-84B1-43FB16F773C6}.Release|Any CPU.ActiveCfg = Release|Any CPU
		{6721F25A-88FE-4B30-84B1-43FB16F773C6}.Release|Any CPU.Build.0 = Release|Any CPU
	EndGlobalSection
	GlobalSection(SolutionProperties) = preSolution
		HideSolutionNode = FALSE
	EndGlobalSection
	GlobalSection(ExtensibilityGlobals) = postSolution
		SolutionGuid = {992889A6-9EFD-4C73-AEE7-C7976E5CCA8B}
	EndGlobalSection
EndGlobal
